
Microsoft Visual Studio Solution File, Format Version 12.00
# Visual Studio Version 17
VisualStudioVersion = 17.12.35707.178 d17.12
MinimumVisualStudioVersion = 10.0.40219.1
Project("{FAE04EC0-301F-11D3-BF4B-00C04F79EFBC}") = "1 Dierenrijk", "1 Dierenrijk\1 Dierenrijk.csproj", "{AC9189DD-D8ED-477D-9423-11BFE48A9572}"
EndProject
Project("{FAE04EC0-301F-11D3-BF4B-00C04F79EFBC}") = "2 Ziekenhuis", "2 Ziekenhuis\2 Ziekenhuis.csproj", "{39073FFC-2FE3-4FD7-82CA-7B905FA10735}"
EndProject
Project("{FAE04EC0-301F-11D3-BF4B-00C04F79EFBC}") = "3 Ballspel", "3 Ballspel\3 Ballspel.csproj", "{CB76260A-69E9-4F25-9AB6-7837AC0AB9F2}"
EndProject
Global
	GlobalSection(SolutionConfigurationPlatforms) = preSolution
		Debug|Any CPU = Debug|Any CPU
		Release|Any CPU = Release|Any CPU
	EndGlobalSection
	GlobalSection(ProjectConfigurationPlatforms) = postSolution
		{AC9189DD-D8ED-477D-9423-11BFE48A9572}.Debug|Any CPU.ActiveCfg = Debug|Any CPU
		{AC9189DD-D8ED-477D-9423-11BFE48A9572}.Debug|Any CPU.Build.0 = Debug|Any CPU
		{AC9189DD-D8ED-477D-9423-11BFE48A9572}.Release|Any CPU.ActiveCfg = Release|Any CPU
		{AC9189DD-D8ED-477D-9423-11BFE48A9572}.Release|Any CPU.Build.0 = Release|Any CPU
		{39073FFC-2FE3-4FD7-82CA-7B905FA10735}.Debug|Any CPU.ActiveCfg = Debug|Any CPU
		{39073FFC-2FE3-4FD7-82CA-7B905FA10735}.Debug|Any CPU.Build.0 = Debug|Any CPU
		{39073FFC-2FE3-4FD7-82CA-7B905FA10735}.Release|Any CPU.ActiveCfg = Release|Any CPU
		{39073FFC-2FE3-4FD7-82CA-7B905FA10735}.Release|Any CPU.Build.0 = Release|Any CPU
		{CB76260A-69E9-4F25-9AB6-7837AC0AB9F2}.Debug|Any CPU.ActiveCfg = Debug|Any CPU
		{CB76260A-69E9-4F25-9AB6-7837AC0AB9F2}.Debug|Any CPU.Build.0 = Debug|Any CPU
		{CB76260A-69E9-4F25-9AB6-7837AC0AB9F2}.Release|Any CPU.ActiveCfg = Release|Any CPU
		{CB76260A-69E9-4F25-9AB6-7837AC0AB9F2}.Release|Any CPU.Build.0 = Release|Any CPU
	EndGlobalSection
	GlobalSection(SolutionProperties) = preSolution
		HideSolutionNode = FALSE
	EndGlobalSection
EndGlobal
